// !$*UTF8*$!
{
	archiveVersion = 1;
	classes = {
	};
	objectVersion = 50;
	objects = {

/* Begin PBXBuildFile section */
		6D796A2F251A3DED00CCF94F /* AppDelegate.swift in Sources */ = {isa = PBXBuildFile; fileRef = 6D796A2E251A3DED00CCF94F /* AppDelegate.swift */; };
		6D796A31251A3DED00CCF94F /* SceneDelegate.swift in Sources */ = {isa = PBXBuildFile; fileRef = 6D796A30251A3DED00CCF94F /* SceneDelegate.swift */; };
		6D796A35251A3DF000CCF94F /* Assets.xcassets in Resources */ = {isa = PBXBuildFile; fileRef = 6D796A34251A3DF000CCF94F /* Assets.xcassets */; };
		6D796A38251A3DF000CCF94F /* LaunchScreen.storyboard in Resources */ = {isa = PBXBuildFile; fileRef = 6D796A36251A3DF000CCF94F /* LaunchScreen.storyboard */; };
		6D796A4E251A3DF000CCF94F /* TestLeBonCoinUITests.swift in Sources */ = {isa = PBXBuildFile; fileRef = 6D796A4D251A3DF000CCF94F /* TestLeBonCoinUITests.swift */; };
		6D796A6F251A785C00CCF94F /* UIWindow+init.swift in Sources */ = {isa = PBXBuildFile; fileRef = 6D796A6E251A785C00CCF94F /* UIWindow+init.swift */; };
		6D796A7A251A7AEC00CCF94F /* ListTableViewController.swift in Sources */ = {isa = PBXBuildFile; fileRef = 6D796A79251A7AEC00CCF94F /* ListTableViewController.swift */; };
		6D796A8E251A8CAC00CCF94F /* Dynamic.swift in Sources */ = {isa = PBXBuildFile; fileRef = 6D796A8D251A8CAC00CCF94F /* Dynamic.swift */; };
		6D796A94251A8DE400CCF94F /* ListTableViewViewModel.swift in Sources */ = {isa = PBXBuildFile; fileRef = 6D796A93251A8DE400CCF94F /* ListTableViewViewModel.swift */; };
		6D796A9B251A99D700CCF94F /* ItemViewModel.swift in Sources */ = {isa = PBXBuildFile; fileRef = 6D796A9A251A99D700CCF94F /* ItemViewModel.swift */; };
		6D796AA1251A9A5000CCF94F /* CategoryViewModel.swift in Sources */ = {isa = PBXBuildFile; fileRef = 6D796AA0251A9A5000CCF94F /* CategoryViewModel.swift */; };
		6D796AB4251ABB5C00CCF94F /* UIAlertViewController+Helper.swift in Sources */ = {isa = PBXBuildFile; fileRef = 6D796AB3251ABB5C00CCF94F /* UIAlertViewController+Helper.swift */; };
		6D796ABC251B30BF00CCF94F /* NetWorkService.swift in Sources */ = {isa = PBXBuildFile; fileRef = 6D796ABB251B30BF00CCF94F /* NetWorkService.swift */; };
		6D796AC6251B3C6900CCF94F /* Item.swift in Sources */ = {isa = PBXBuildFile; fileRef = 6D796AC5251B3C6900CCF94F /* Item.swift */; };
		6D796ACC251B3FAA00CCF94F /* DateFormatter+extension.swift in Sources */ = {isa = PBXBuildFile; fileRef = 6D796ACB251B3FAA00CCF94F /* DateFormatter+extension.swift */; };
		6D796AD3251B418F00CCF94F /* Dao.swift in Sources */ = {isa = PBXBuildFile; fileRef = 6D796AD2251B418F00CCF94F /* Dao.swift */; };
		6D796AD9251B68E700CCF94F /* Category.swift in Sources */ = {isa = PBXBuildFile; fileRef = 6D796AD8251B68E700CCF94F /* Category.swift */; };
		6D796AE0251B6D3900CCF94F /* SynchroManager.swift in Sources */ = {isa = PBXBuildFile; fileRef = 6D796ADF251B6D3900CCF94F /* SynchroManager.swift */; };
		6D796AF0251C074700CCF94F /* UIImageView+network.swift in Sources */ = {isa = PBXBuildFile; fileRef = 6D796AEF251C074700CCF94F /* UIImageView+network.swift */; };
		6D796AF6251C712400CCF94F /* DetailsViewController.swift in Sources */ = {isa = PBXBuildFile; fileRef = 6D796AF5251C712400CCF94F /* DetailsViewController.swift */; };
		6D796AFC251C986400CCF94F /* UIView+anchor.swift in Sources */ = {isa = PBXBuildFile; fileRef = 6D796AFB251C986400CCF94F /* UIView+anchor.swift */; };
		6D796B02251C992C00CCF94F /* ItemTableViewCell.swift in Sources */ = {isa = PBXBuildFile; fileRef = 6D796B01251C992C00CCF94F /* ItemTableViewCell.swift */; };
		6D85701A2522253300225DC6 /* CoreDataManager.swift in Sources */ = {isa = PBXBuildFile; fileRef = 6D8570192522253300225DC6 /* CoreDataManager.swift */; };
		6D85701B2522253300225DC6 /* CoreDataManager.swift in Sources */ = {isa = PBXBuildFile; fileRef = 6D8570192522253300225DC6 /* CoreDataManager.swift */; };
		6D857027252273E500225DC6 /* StorageConstants.swift in Sources */ = {isa = PBXBuildFile; fileRef = 6D857026252273E500225DC6 /* StorageConstants.swift */; };
		6D857028252273E500225DC6 /* StorageConstants.swift in Sources */ = {isa = PBXBuildFile; fileRef = 6D857026252273E500225DC6 /* StorageConstants.swift */; };
		6D857029252273E500225DC6 /* StorageConstants.swift in Sources */ = {isa = PBXBuildFile; fileRef = 6D857026252273E500225DC6 /* StorageConstants.swift */; };
		6D8570432522862A00225DC6 /* TestLeBonCoin.xcdatamodeld in Sources */ = {isa = PBXBuildFile; fileRef = 6D8570412522862A00225DC6 /* TestLeBonCoin.xcdatamodeld */; };
		6D8570442522862A00225DC6 /* TestLeBonCoin.xcdatamodeld in Sources */ = {isa = PBXBuildFile; fileRef = 6D8570412522862A00225DC6 /* TestLeBonCoin.xcdatamodeld */; };
		6D8570452522862A00225DC6 /* TestLeBonCoin.xcdatamodeld in Sources */ = {isa = PBXBuildFile; fileRef = 6D8570412522862A00225DC6 /* TestLeBonCoin.xcdatamodeld */; };
		6D85704D25229BD100225DC6 /* Localizable.strings in Resources */ = {isa = PBXBuildFile; fileRef = 6D85704C25229BD100225DC6 /* Localizable.strings */; };
		6D85704E25229BD100225DC6 /* Localizable.strings in Resources */ = {isa = PBXBuildFile; fileRef = 6D85704C25229BD100225DC6 /* Localizable.strings */; };
		6D85704F25229BD100225DC6 /* Localizable.strings in Resources */ = {isa = PBXBuildFile; fileRef = 6D85704C25229BD100225DC6 /* Localizable.strings */; };
		6D8ED93D2524901200C0EB46 /* UIAlertViewController+Helper.swift in Sources */ = {isa = PBXBuildFile; fileRef = 6D796AB3251ABB5C00CCF94F /* UIAlertViewController+Helper.swift */; };
		6D8ED9412524905800C0EB46 /* UIView+anchor.swift in Sources */ = {isa = PBXBuildFile; fileRef = 6D796AFB251C986400CCF94F /* UIView+anchor.swift */; };
		6DCF08B3251CB97000928A7F /* Animator.swift in Sources */ = {isa = PBXBuildFile; fileRef = 6DCF08B2251CB97000928A7F /* Animator.swift */; };
		6DCF08B9251CBEE900928A7F /* UIColor+random.swift in Sources */ = {isa = PBXBuildFile; fileRef = 6DCF08B8251CBEE900928A7F /* UIColor+random.swift */; };
		6DCF08C0251D393300928A7F /* Aliases.swift in Sources */ = {isa = PBXBuildFile; fileRef = 6DCF08BF251D393200928A7F /* Aliases.swift */; };
		6DE32743251E0522007FFAB5 /* SynchroManager.swift in Sources */ = {isa = PBXBuildFile; fileRef = 6D796ADF251B6D3900CCF94F /* SynchroManager.swift */; };
		6DE32747251E0525007FFAB5 /* NetWorkService.swift in Sources */ = {isa = PBXBuildFile; fileRef = 6D796ABB251B30BF00CCF94F /* NetWorkService.swift */; };
		6DE3274B251E0529007FFAB5 /* Dao.swift in Sources */ = {isa = PBXBuildFile; fileRef = 6D796AD2251B418F00CCF94F /* Dao.swift */; };
		6DE3275B251E0557007FFAB5 /* Item.swift in Sources */ = {isa = PBXBuildFile; fileRef = 6D796AC5251B3C6900CCF94F /* Item.swift */; };
		6DE3275F251E055A007FFAB5 /* Category.swift in Sources */ = {isa = PBXBuildFile; fileRef = 6D796AD8251B68E700CCF94F /* Category.swift */; };
		6DE32764251E05A1007FFAB5 /* DaoTests.swift in Sources */ = {isa = PBXBuildFile; fileRef = 6DE32763251E05A1007FFAB5 /* DaoTests.swift */; };
		6DE3276A251E06A4007FFAB5 /* TestItem.swift in Sources */ = {isa = PBXBuildFile; fileRef = 6DE32769251E06A4007FFAB5 /* TestItem.swift */; };
		6DE32771251E09F8007FFAB5 /* DateFormatter+extension.swift in Sources */ = {isa = PBXBuildFile; fileRef = 6D796ACB251B3FAA00CCF94F /* DateFormatter+extension.swift */; };
		6DE32775251E0A07007FFAB5 /* Dynamic.swift in Sources */ = {isa = PBXBuildFile; fileRef = 6D796A8D251A8CAC00CCF94F /* Dynamic.swift */; };
		6DE3277A251E0A45007FFAB5 /* TestCategory.swift in Sources */ = {isa = PBXBuildFile; fileRef = 6DE32779251E0A45007FFAB5 /* TestCategory.swift */; };
		6DE3277F251E1259007FFAB5 /* NetworkTests.swift in Sources */ = {isa = PBXBuildFile; fileRef = 6DE3277E251E1259007FFAB5 /* NetworkTests.swift */; };
		6DE327A5251E1952007FFAB5 /* SynchroTest.swift in Sources */ = {isa = PBXBuildFile; fileRef = 6DE327A4251E1952007FFAB5 /* SynchroTest.swift */; };
		6DE327AA251E1971007FFAB5 /* TestDao.swift in Sources */ = {isa = PBXBuildFile; fileRef = 6DE327A9251E1971007FFAB5 /* TestDao.swift */; };
		6DE327AF251E1B15007FFAB5 /* TestNetWorkManager.swift in Sources */ = {isa = PBXBuildFile; fileRef = 6DE327AE251E1B15007FFAB5 /* TestNetWorkManager.swift */; };
		6DE327B4251E1D2F007FFAB5 /* TestSynchroManager.swift in Sources */ = {isa = PBXBuildFile; fileRef = 6DE327B3251E1D2F007FFAB5 /* TestSynchroManager.swift */; };
		6DE327C1251E1EFE007FFAB5 /* ViewModelTests.swift in Sources */ = {isa = PBXBuildFile; fileRef = 6DE327C0251E1EFE007FFAB5 /* ViewModelTests.swift */; };
		6DE327CE2520A480007FFAB5 /* Aliases.swift in Sources */ = {isa = PBXBuildFile; fileRef = 6DCF08BF251D393200928A7F /* Aliases.swift */; };
		6DE327F92520E605007FFAB5 /* CategoryViewModelTests.swift in Sources */ = {isa = PBXBuildFile; fileRef = 6DE327F82520E605007FFAB5 /* CategoryViewModelTests.swift */; };
		6DE328012520E6B1007FFAB5 /* ItemViewModelTests.swift in Sources */ = {isa = PBXBuildFile; fileRef = 6DE328002520E6B1007FFAB5 /* ItemViewModelTests.swift */; };
		6DE328232521D740007FFAB5 /* Reachability.swift in Sources */ = {isa = PBXBuildFile; fileRef = 6DE328222521D740007FFAB5 /* Reachability.swift */; };
		6DE3282C2521D7DD007FFAB5 /* UIConstants.swift in Sources */ = {isa = PBXBuildFile; fileRef = 6DE3282B2521D7DD007FFAB5 /* UIConstants.swift */; };
		6DE3283C2521D8AF007FFAB5 /* ListTableViewViewModel.swift in Sources */ = {isa = PBXBuildFile; fileRef = 6D796A93251A8DE400CCF94F /* ListTableViewViewModel.swift */; };
		6DE328AC2521F68A007FFAB5 /* ItemViewModel.swift in Sources */ = {isa = PBXBuildFile; fileRef = 6D796A9A251A99D700CCF94F /* ItemViewModel.swift */; };
		6DE328B02521F68D007FFAB5 /* CategoryViewModel.swift in Sources */ = {isa = PBXBuildFile; fileRef = 6D796AA0251A9A5000CCF94F /* CategoryViewModel.swift */; };
		6DE328B72521F6B3007FFAB5 /* Reachability.swift in Sources */ = {isa = PBXBuildFile; fileRef = 6DE328222521D740007FFAB5 /* Reachability.swift */; };
/* End PBXBuildFile section */

/* Begin PBXContainerItemProxy section */
		6D796A3F251A3DF000CCF94F /* PBXContainerItemProxy */ = {
			isa = PBXContainerItemProxy;
			containerPortal = 6D796A23251A3DED00CCF94F /* Project object */;
			proxyType = 1;
			remoteGlobalIDString = 6D796A2A251A3DED00CCF94F;
			remoteInfo = TestLeBonCoin;
		};
		6D796A4A251A3DF000CCF94F /* PBXContainerItemProxy */ = {
			isa = PBXContainerItemProxy;
			containerPortal = 6D796A23251A3DED00CCF94F /* Project object */;
			proxyType = 1;
			remoteGlobalIDString = 6D796A2A251A3DED00CCF94F;
			remoteInfo = TestLeBonCoin;
		};
/* End PBXContainerItemProxy section */

/* Begin PBXFileReference section */
		6D796A2B251A3DED00CCF94F /* TestLeBonCoin.app */ = {isa = PBXFileReference; explicitFileType = wrapper.application; includeInIndex = 0; path = TestLeBonCoin.app; sourceTree = BUILT_PRODUCTS_DIR; };
		6D796A2E251A3DED00CCF94F /* AppDelegate.swift */ = {isa = PBXFileReference; lastKnownFileType = sourcecode.swift; path = AppDelegate.swift; sourceTree = "<group>"; };
		6D796A30251A3DED00CCF94F /* SceneDelegate.swift */ = {isa = PBXFileReference; lastKnownFileType = sourcecode.swift; path = SceneDelegate.swift; sourceTree = "<group>"; };
		6D796A34251A3DF000CCF94F /* Assets.xcassets */ = {isa = PBXFileReference; lastKnownFileType = folder.assetcatalog; path = Assets.xcassets; sourceTree = "<group>"; };
		6D796A37251A3DF000CCF94F /* Base */ = {isa = PBXFileReference; lastKnownFileType = file.storyboard; name = Base; path = Base.lproj/LaunchScreen.storyboard; sourceTree = "<group>"; };
		6D796A39251A3DF000CCF94F /* Info.plist */ = {isa = PBXFileReference; lastKnownFileType = text.plist.xml; path = Info.plist; sourceTree = "<group>"; };
		6D796A3E251A3DF000CCF94F /* TestLeBonCoinTests.xctest */ = {isa = PBXFileReference; explicitFileType = wrapper.cfbundle; includeInIndex = 0; path = TestLeBonCoinTests.xctest; sourceTree = BUILT_PRODUCTS_DIR; };
		6D796A44251A3DF000CCF94F /* Info.plist */ = {isa = PBXFileReference; lastKnownFileType = text.plist.xml; path = Info.plist; sourceTree = "<group>"; };
		6D796A49251A3DF000CCF94F /* TestLeBonCoinUITests.xctest */ = {isa = PBXFileReference; explicitFileType = wrapper.cfbundle; includeInIndex = 0; path = TestLeBonCoinUITests.xctest; sourceTree = BUILT_PRODUCTS_DIR; };
		6D796A4D251A3DF000CCF94F /* TestLeBonCoinUITests.swift */ = {isa = PBXFileReference; lastKnownFileType = sourcecode.swift; path = TestLeBonCoinUITests.swift; sourceTree = "<group>"; };
		6D796A4F251A3DF000CCF94F /* Info.plist */ = {isa = PBXFileReference; lastKnownFileType = text.plist.xml; path = Info.plist; sourceTree = "<group>"; };
		6D796A6E251A785C00CCF94F /* UIWindow+init.swift */ = {isa = PBXFileReference; lastKnownFileType = sourcecode.swift; path = "UIWindow+init.swift"; sourceTree = "<group>"; };
		6D796A79251A7AEC00CCF94F /* ListTableViewController.swift */ = {isa = PBXFileReference; lastKnownFileType = sourcecode.swift; path = ListTableViewController.swift; sourceTree = "<group>"; };
		6D796A8D251A8CAC00CCF94F /* Dynamic.swift */ = {isa = PBXFileReference; lastKnownFileType = sourcecode.swift; path = Dynamic.swift; sourceTree = "<group>"; };
		6D796A93251A8DE400CCF94F /* ListTableViewViewModel.swift */ = {isa = PBXFileReference; lastKnownFileType = sourcecode.swift; path = ListTableViewViewModel.swift; sourceTree = "<group>"; };
		6D796A9A251A99D700CCF94F /* ItemViewModel.swift */ = {isa = PBXFileReference; lastKnownFileType = sourcecode.swift; path = ItemViewModel.swift; sourceTree = "<group>"; };
		6D796AA0251A9A5000CCF94F /* CategoryViewModel.swift */ = {isa = PBXFileReference; lastKnownFileType = sourcecode.swift; path = CategoryViewModel.swift; sourceTree = "<group>"; };
		6D796AB3251ABB5C00CCF94F /* UIAlertViewController+Helper.swift */ = {isa = PBXFileReference; lastKnownFileType = sourcecode.swift; path = "UIAlertViewController+Helper.swift"; sourceTree = "<group>"; };
		6D796ABB251B30BF00CCF94F /* NetWorkService.swift */ = {isa = PBXFileReference; lastKnownFileType = sourcecode.swift; path = NetWorkService.swift; sourceTree = "<group>"; };
		6D796AC5251B3C6900CCF94F /* Item.swift */ = {isa = PBXFileReference; lastKnownFileType = sourcecode.swift; path = Item.swift; sourceTree = "<group>"; };
		6D796ACB251B3FAA00CCF94F /* DateFormatter+extension.swift */ = {isa = PBXFileReference; lastKnownFileType = sourcecode.swift; path = "DateFormatter+extension.swift"; sourceTree = "<group>"; };
		6D796AD2251B418F00CCF94F /* Dao.swift */ = {isa = PBXFileReference; lastKnownFileType = sourcecode.swift; path = Dao.swift; sourceTree = "<group>"; };
		6D796AD8251B68E700CCF94F /* Category.swift */ = {isa = PBXFileReference; lastKnownFileType = sourcecode.swift; path = Category.swift; sourceTree = "<group>"; };
		6D796ADF251B6D3900CCF94F /* SynchroManager.swift */ = {isa = PBXFileReference; lastKnownFileType = sourcecode.swift; path = SynchroManager.swift; sourceTree = "<group>"; };
		6D796AEF251C074700CCF94F /* UIImageView+network.swift */ = {isa = PBXFileReference; lastKnownFileType = sourcecode.swift; path = "UIImageView+network.swift"; sourceTree = "<group>"; };
		6D796AF5251C712400CCF94F /* DetailsViewController.swift */ = {isa = PBXFileReference; lastKnownFileType = sourcecode.swift; path = DetailsViewController.swift; sourceTree = "<group>"; };
		6D796AFB251C986400CCF94F /* UIView+anchor.swift */ = {isa = PBXFileReference; lastKnownFileType = sourcecode.swift; path = "UIView+anchor.swift"; sourceTree = "<group>"; };
		6D796B01251C992C00CCF94F /* ItemTableViewCell.swift */ = {isa = PBXFileReference; lastKnownFileType = sourcecode.swift; path = ItemTableViewCell.swift; sourceTree = "<group>"; };
		6D8570192522253300225DC6 /* CoreDataManager.swift */ = {isa = PBXFileReference; lastKnownFileType = sourcecode.swift; path = CoreDataManager.swift; sourceTree = "<group>"; };
		6D857026252273E500225DC6 /* StorageConstants.swift */ = {isa = PBXFileReference; lastKnownFileType = sourcecode.swift; path = StorageConstants.swift; sourceTree = "<group>"; };
		6D8570422522862A00225DC6 /* testLeBonCoin.xcdatamodel */ = {isa = PBXFileReference; lastKnownFileType = wrapper.xcdatamodel; path = testLeBonCoin.xcdatamodel; sourceTree = "<group>"; };
		6D85704C25229BD100225DC6 /* Localizable.strings */ = {isa = PBXFileReference; lastKnownFileType = text.plist.strings; path = Localizable.strings; sourceTree = "<group>"; };
		6DCF08B2251CB97000928A7F /* Animator.swift */ = {isa = PBXFileReference; lastKnownFileType = sourcecode.swift; path = Animator.swift; sourceTree = "<group>"; };
		6DCF08B8251CBEE900928A7F /* UIColor+random.swift */ = {isa = PBXFileReference; lastKnownFileType = sourcecode.swift; path = "UIColor+random.swift"; sourceTree = "<group>"; };
		6DCF08BF251D393200928A7F /* Aliases.swift */ = {isa = PBXFileReference; lastKnownFileType = sourcecode.swift; path = Aliases.swift; sourceTree = "<group>"; };
		6DE32763251E05A1007FFAB5 /* DaoTests.swift */ = {isa = PBXFileReference; lastKnownFileType = sourcecode.swift; path = DaoTests.swift; sourceTree = "<group>"; };
		6DE32769251E06A4007FFAB5 /* TestItem.swift */ = {isa = PBXFileReference; lastKnownFileType = sourcecode.swift; path = TestItem.swift; sourceTree = "<group>"; };
		6DE32779251E0A45007FFAB5 /* TestCategory.swift */ = {isa = PBXFileReference; lastKnownFileType = sourcecode.swift; path = TestCategory.swift; sourceTree = "<group>"; };
		6DE3277E251E1259007FFAB5 /* NetworkTests.swift */ = {isa = PBXFileReference; lastKnownFileType = sourcecode.swift; path = NetworkTests.swift; sourceTree = "<group>"; };
		6DE327A4251E1952007FFAB5 /* SynchroTest.swift */ = {isa = PBXFileReference; lastKnownFileType = sourcecode.swift; path = SynchroTest.swift; sourceTree = "<group>"; };
		6DE327A9251E1971007FFAB5 /* TestDao.swift */ = {isa = PBXFileReference; lastKnownFileType = sourcecode.swift; path = TestDao.swift; sourceTree = "<group>"; };
		6DE327AE251E1B15007FFAB5 /* TestNetWorkManager.swift */ = {isa = PBXFileReference; lastKnownFileType = sourcecode.swift; path = TestNetWorkManager.swift; sourceTree = "<group>"; };
		6DE327B3251E1D2F007FFAB5 /* TestSynchroManager.swift */ = {isa = PBXFileReference; lastKnownFileType = sourcecode.swift; path = TestSynchroManager.swift; sourceTree = "<group>"; };
		6DE327C0251E1EFE007FFAB5 /* ViewModelTests.swift */ = {isa = PBXFileReference; lastKnownFileType = sourcecode.swift; path = ViewModelTests.swift; sourceTree = "<group>"; };
		6DE327F82520E605007FFAB5 /* CategoryViewModelTests.swift */ = {isa = PBXFileReference; lastKnownFileType = sourcecode.swift; path = CategoryViewModelTests.swift; sourceTree = "<group>"; };
		6DE328002520E6B1007FFAB5 /* ItemViewModelTests.swift */ = {isa = PBXFileReference; lastKnownFileType = sourcecode.swift; path = ItemViewModelTests.swift; sourceTree = "<group>"; };
		6DE328222521D740007FFAB5 /* Reachability.swift */ = {isa = PBXFileReference; lastKnownFileType = sourcecode.swift; path = Reachability.swift; sourceTree = "<group>"; };
		6DE3282B2521D7DD007FFAB5 /* UIConstants.swift */ = {isa = PBXFileReference; lastKnownFileType = sourcecode.swift; path = UIConstants.swift; sourceTree = "<group>"; };
/* End PBXFileReference section */

/* Begin PBXFrameworksBuildPhase section */
		6D796A28251A3DED00CCF94F /* Frameworks */ = {
			isa = PBXFrameworksBuildPhase;
			buildActionMask = 2147483647;
			files = (
			);
			runOnlyForDeploymentPostprocessing = 0;
		};
		6D796A3B251A3DF000CCF94F /* Frameworks */ = {
			isa = PBXFrameworksBuildPhase;
			buildActionMask = 2147483647;
			files = (
			);
			runOnlyForDeploymentPostprocessing = 0;
		};
		6D796A46251A3DF000CCF94F /* Frameworks */ = {
			isa = PBXFrameworksBuildPhase;
			buildActionMask = 2147483647;
			files = (
			);
			runOnlyForDeploymentPostprocessing = 0;
		};
/* End PBXFrameworksBuildPhase section */

/* Begin PBXGroup section */
		6D796A22251A3DED00CCF94F = {
			isa = PBXGroup;
			children = (
				6D796A2D251A3DED00CCF94F /* TestLeBonCoin */,
				6D796A41251A3DF000CCF94F /* TestLeBonCoinTests */,
				6D796A4C251A3DF000CCF94F /* TestLeBonCoinUITests */,
				6D796A2C251A3DED00CCF94F /* Products */,
			);
			sourceTree = "<group>";
		};
		6D796A2C251A3DED00CCF94F /* Products */ = {
			isa = PBXGroup;
			children = (
				6D796A2B251A3DED00CCF94F /* TestLeBonCoin.app */,
				6D796A3E251A3DF000CCF94F /* TestLeBonCoinTests.xctest */,
				6D796A49251A3DF000CCF94F /* TestLeBonCoinUITests.xctest */,
			);
			name = Products;
			sourceTree = "<group>";
		};
		6D796A2D251A3DED00CCF94F /* TestLeBonCoin */ = {
			isa = PBXGroup;
			children = (
				6D796A30251A3DED00CCF94F /* SceneDelegate.swift */,
				6D85704C25229BD100225DC6 /* Localizable.strings */,
				6D8570412522862A00225DC6 /* TestLeBonCoin.xcdatamodeld */,
				6D796A2E251A3DED00CCF94F /* AppDelegate.swift */,
				6DE3280F2521D2CA007FFAB5 /* Screens */,
				6D796ADE251B6CFF00CCF94F /* Synchro */,
				6D796ABA251B30A800CCF94F /* Network */,
				6D796AB9251B309F00CCF94F /* Storage */,
				6D796A99251A996F00CCF94F /* Model */,
				6D796A6D251A781C00CCF94F /* Extensions */,
				6DE3282A2521D7AB007FFAB5 /* Helpers */,
				6D796A36251A3DF000CCF94F /* LaunchScreen.storyboard */,
				6D796A34251A3DF000CCF94F /* Assets.xcassets */,
				6D796A39251A3DF000CCF94F /* Info.plist */,
			);
			path = TestLeBonCoin;
			sourceTree = "<group>";
		};
		6D796A41251A3DF000CCF94F /* TestLeBonCoinTests */ = {
			isa = PBXGroup;
			children = (
				6DE32768251E067B007FFAB5 /* TestsUtils */,
				6DE32763251E05A1007FFAB5 /* DaoTests.swift */,
				6DE3277E251E1259007FFAB5 /* NetworkTests.swift */,
				6DE327A4251E1952007FFAB5 /* SynchroTest.swift */,
				6DE327C0251E1EFE007FFAB5 /* ViewModelTests.swift */,
				6DE327F82520E605007FFAB5 /* CategoryViewModelTests.swift */,
				6DE328002520E6B1007FFAB5 /* ItemViewModelTests.swift */,
				6D796A44251A3DF000CCF94F /* Info.plist */,
			);
			path = TestLeBonCoinTests;
			sourceTree = "<group>";
		};
		6D796A4C251A3DF000CCF94F /* TestLeBonCoinUITests */ = {
			isa = PBXGroup;
			children = (
				6D796A4D251A3DF000CCF94F /* TestLeBonCoinUITests.swift */,
				6D796A4F251A3DF000CCF94F /* Info.plist */,
			);
			path = TestLeBonCoinUITests;
			sourceTree = "<group>";
		};
		6D796A6D251A781C00CCF94F /* Extensions */ = {
			isa = PBXGroup;
			children = (
				6D796A6E251A785C00CCF94F /* UIWindow+init.swift */,
				6DCF08B8251CBEE900928A7F /* UIColor+random.swift */,
				6D796AFB251C986400CCF94F /* UIView+anchor.swift */,
				6D796AEF251C074700CCF94F /* UIImageView+network.swift */,
				6D796ACB251B3FAA00CCF94F /* DateFormatter+extension.swift */,
				6D796AB3251ABB5C00CCF94F /* UIAlertViewController+Helper.swift */,
			);
			path = Extensions;
			sourceTree = "<group>";
		};
		6D796A8B251A8C6C00CCF94F /* UIBinding */ = {
			isa = PBXGroup;
			children = (
				6D796A8D251A8CAC00CCF94F /* Dynamic.swift */,
			);
			path = UIBinding;
			sourceTree = "<group>";
		};
		6D796A8C251A8C8800CCF94F /* ViewModels */ = {
			isa = PBXGroup;
			children = (
				6D796A93251A8DE400CCF94F /* ListTableViewViewModel.swift */,
			);
			path = ViewModels;
			sourceTree = "<group>";
		};
		6D796A99251A996F00CCF94F /* Model */ = {
			isa = PBXGroup;
			children = (
				6D796AC5251B3C6900CCF94F /* Item.swift */,
				6D796AD8251B68E700CCF94F /* Category.swift */,
			);
			path = Model;
			sourceTree = "<group>";
		};
		6D796AB9251B309F00CCF94F /* Storage */ = {
			isa = PBXGroup;
			children = (
				6D796AD2251B418F00CCF94F /* Dao.swift */,
				6D8570192522253300225DC6 /* CoreDataManager.swift */,
			);
			path = Storage;
			sourceTree = "<group>";
		};
		6D796ABA251B30A800CCF94F /* Network */ = {
			isa = PBXGroup;
			children = (
				6D796ABB251B30BF00CCF94F /* NetWorkService.swift */,
				6DE328222521D740007FFAB5 /* Reachability.swift */,
			);
			path = Network;
			sourceTree = "<group>";
		};
		6D796ADE251B6CFF00CCF94F /* Synchro */ = {
			isa = PBXGroup;
			children = (
				6D796ADF251B6D3900CCF94F /* SynchroManager.swift */,
			);
			path = Synchro;
			sourceTree = "<group>";
		};
		6DCF08BE251D391500928A7F /* Constants */ = {
			isa = PBXGroup;
			children = (
				6DCF08BF251D393200928A7F /* Aliases.swift */,
				6DE3282B2521D7DD007FFAB5 /* UIConstants.swift */,
				6D857026252273E500225DC6 /* StorageConstants.swift */,
			);
			path = Constants;
			sourceTree = "<group>";
		};
		6DE32768251E067B007FFAB5 /* TestsUtils */ = {
			isa = PBXGroup;
			children = (
				6DE32769251E06A4007FFAB5 /* TestItem.swift */,
				6DE327A9251E1971007FFAB5 /* TestDao.swift */,
				6DE327AE251E1B15007FFAB5 /* TestNetWorkManager.swift */,
				6DE32779251E0A45007FFAB5 /* TestCategory.swift */,
				6DE327B3251E1D2F007FFAB5 /* TestSynchroManager.swift */,
			);
			path = TestsUtils;
			sourceTree = "<group>";
		};
		6DE3280F2521D2CA007FFAB5 /* Screens */ = {
			isa = PBXGroup;
			children = (
				6DE328122521D368007FFAB5 /* Details */,
				6DE328102521D327007FFAB5 /* List */,
			);
			path = Screens;
			sourceTree = "<group>";
		};
		6DE328102521D327007FFAB5 /* List */ = {
			isa = PBXGroup;
			children = (
				6D796A8C251A8C8800CCF94F /* ViewModels */,
				6DE328112521D338007FFAB5 /* UI */,
			);
			path = List;
			sourceTree = "<group>";
		};
		6DE328112521D338007FFAB5 /* UI */ = {
			isa = PBXGroup;
			children = (
				6DCF08B2251CB97000928A7F /* Animator.swift */,
				6D796B01251C992C00CCF94F /* ItemTableViewCell.swift */,
				6D796A79251A7AEC00CCF94F /* ListTableViewController.swift */,
			);
			path = UI;
			sourceTree = "<group>";
		};
		6DE328122521D368007FFAB5 /* Details */ = {
			isa = PBXGroup;
			children = (
				6DE328152521D464007FFAB5 /* ViewModels */,
				6DE328132521D3D8007FFAB5 /* UI */,
			);
			path = Details;
			sourceTree = "<group>";
		};
		6DE328132521D3D8007FFAB5 /* UI */ = {
			isa = PBXGroup;
			children = (
				6D796AF5251C712400CCF94F /* DetailsViewController.swift */,
			);
			path = UI;
			sourceTree = "<group>";
		};
		6DE328152521D464007FFAB5 /* ViewModels */ = {
			isa = PBXGroup;
			children = (
				6D796A9A251A99D700CCF94F /* ItemViewModel.swift */,
				6D796AA0251A9A5000CCF94F /* CategoryViewModel.swift */,
			);
			path = ViewModels;
			sourceTree = "<group>";
		};
		6DE3282A2521D7AB007FFAB5 /* Helpers */ = {
			isa = PBXGroup;
			children = (
				6DCF08BE251D391500928A7F /* Constants */,
				6D796A8B251A8C6C00CCF94F /* UIBinding */,
			);
			path = Helpers;
			sourceTree = "<group>";
		};
/* End PBXGroup section */

/* Begin PBXNativeTarget section */
		6D796A2A251A3DED00CCF94F /* TestLeBonCoin */ = {
			isa = PBXNativeTarget;
			buildConfigurationList = 6D796A5D251A3DF000CCF94F /* Build configuration list for PBXNativeTarget "TestLeBonCoin" */;
			buildPhases = (
				6D796A27251A3DED00CCF94F /* Sources */,
				6D796A28251A3DED00CCF94F /* Frameworks */,
				6D796A29251A3DED00CCF94F /* Resources */,
			);
			buildRules = (
			);
			dependencies = (
			);
			name = TestLeBonCoin;
			productName = TestLeBonCoin;
			productReference = 6D796A2B251A3DED00CCF94F /* TestLeBonCoin.app */;
			productType = "com.apple.product-type.application";
		};
		6D796A3D251A3DF000CCF94F /* TestLeBonCoinTests */ = {
			isa = PBXNativeTarget;
			buildConfigurationList = 6D796A60251A3DF000CCF94F /* Build configuration list for PBXNativeTarget "TestLeBonCoinTests" */;
			buildPhases = (
				6D796A3A251A3DF000CCF94F /* Sources */,
				6D796A3B251A3DF000CCF94F /* Frameworks */,
				6D796A3C251A3DF000CCF94F /* Resources */,
			);
			buildRules = (
			);
			dependencies = (
				6D796A40251A3DF000CCF94F /* PBXTargetDependency */,
			);
			name = TestLeBonCoinTests;
			productName = TestLeBonCoinTests;
			productReference = 6D796A3E251A3DF000CCF94F /* TestLeBonCoinTests.xctest */;
			productType = "com.apple.product-type.bundle.unit-test";
		};
		6D796A48251A3DF000CCF94F /* TestLeBonCoinUITests */ = {
			isa = PBXNativeTarget;
			buildConfigurationList = 6D796A63251A3DF000CCF94F /* Build configuration list for PBXNativeTarget "TestLeBonCoinUITests" */;
			buildPhases = (
				6D796A45251A3DF000CCF94F /* Sources */,
				6D796A46251A3DF000CCF94F /* Frameworks */,
				6D796A47251A3DF000CCF94F /* Resources */,
			);
			buildRules = (
			);
			dependencies = (
				6D796A4B251A3DF000CCF94F /* PBXTargetDependency */,
			);
			name = TestLeBonCoinUITests;
			productName = TestLeBonCoinUITests;
			productReference = 6D796A49251A3DF000CCF94F /* TestLeBonCoinUITests.xctest */;
			productType = "com.apple.product-type.bundle.ui-testing";
		};
/* End PBXNativeTarget section */

/* Begin PBXProject section */
		6D796A23251A3DED00CCF94F /* Project object */ = {
			isa = PBXProject;
			attributes = {
				LastSwiftUpdateCheck = 1200;
				LastUpgradeCheck = 1200;
				TargetAttributes = {
					6D796A2A251A3DED00CCF94F = {
						CreatedOnToolsVersion = 12.0;
					};
					6D796A3D251A3DF000CCF94F = {
						CreatedOnToolsVersion = 12.0;
					};
					6D796A48251A3DF000CCF94F = {
						CreatedOnToolsVersion = 12.0;
						TestTargetID = 6D796A2A251A3DED00CCF94F;
					};
				};
			};
			buildConfigurationList = 6D796A26251A3DED00CCF94F /* Build configuration list for PBXProject "TestLeBonCoin" */;
			compatibilityVersion = "Xcode 9.3";
			developmentRegion = en;
			hasScannedForEncodings = 0;
			knownRegions = (
				en,
				Base,
			);
			mainGroup = 6D796A22251A3DED00CCF94F;
			productRefGroup = 6D796A2C251A3DED00CCF94F /* Products */;
			projectDirPath = "";
			projectRoot = "";
			targets = (
				6D796A2A251A3DED00CCF94F /* TestLeBonCoin */,
				6D796A3D251A3DF000CCF94F /* TestLeBonCoinTests */,
				6D796A48251A3DF000CCF94F /* TestLeBonCoinUITests */,
			);
		};
/* End PBXProject section */

/* Begin PBXResourcesBuildPhase section */
		6D796A29251A3DED00CCF94F /* Resources */ = {
			isa = PBXResourcesBuildPhase;
			buildActionMask = 2147483647;
			files = (
				6D85704D25229BD100225DC6 /* Localizable.strings in Resources */,
				6D796A35251A3DF000CCF94F /* Assets.xcassets in Resources */,
				6D796A38251A3DF000CCF94F /* LaunchScreen.storyboard in Resources */,
			);
			runOnlyForDeploymentPostprocessing = 0;
		};
		6D796A3C251A3DF000CCF94F /* Resources */ = {
			isa = PBXResourcesBuildPhase;
			buildActionMask = 2147483647;
			files = (
				6D85704E25229BD100225DC6 /* Localizable.strings in Resources */,
			);
			runOnlyForDeploymentPostprocessing = 0;
		};
		6D796A47251A3DF000CCF94F /* Resources */ = {
			isa = PBXResourcesBuildPhase;
			buildActionMask = 2147483647;
			files = (
				6D85704F25229BD100225DC6 /* Localizable.strings in Resources */,
			);
			runOnlyForDeploymentPostprocessing = 0;
		};
/* End PBXResourcesBuildPhase section */

/* Begin PBXSourcesBuildPhase section */
		6D796A27251A3DED00CCF94F /* Sources */ = {
			isa = PBXSourcesBuildPhase;
			buildActionMask = 2147483647;
			files = (
				6DCF08B3251CB97000928A7F /* Animator.swift in Sources */,
				6D857027252273E500225DC6 /* StorageConstants.swift in Sources */,
				6DCF08C0251D393300928A7F /* Aliases.swift in Sources */,
				6D796A94251A8DE400CCF94F /* ListTableViewViewModel.swift in Sources */,
				6D796AFC251C986400CCF94F /* UIView+anchor.swift in Sources */,
				6D796A2F251A3DED00CCF94F /* AppDelegate.swift in Sources */,
				6DCF08B9251CBEE900928A7F /* UIColor+random.swift in Sources */,
				6D796A8E251A8CAC00CCF94F /* Dynamic.swift in Sources */,
				6D796B02251C992C00CCF94F /* ItemTableViewCell.swift in Sources */,
				6D796A31251A3DED00CCF94F /* SceneDelegate.swift in Sources */,
				6D796A9B251A99D700CCF94F /* ItemViewModel.swift in Sources */,
				6D796AF0251C074700CCF94F /* UIImageView+network.swift in Sources */,
				6D85701A2522253300225DC6 /* CoreDataManager.swift in Sources */,
				6D796A7A251A7AEC00CCF94F /* ListTableViewController.swift in Sources */,
				6D796AC6251B3C6900CCF94F /* Item.swift in Sources */,
				6D796AE0251B6D3900CCF94F /* SynchroManager.swift in Sources */,
				6D796AF6251C712400CCF94F /* DetailsViewController.swift in Sources */,
				6DE328232521D740007FFAB5 /* Reachability.swift in Sources */,
				6D796A6F251A785C00CCF94F /* UIWindow+init.swift in Sources */,
				6D796AB4251ABB5C00CCF94F /* UIAlertViewController+Helper.swift in Sources */,
				6D796AD3251B418F00CCF94F /* Dao.swift in Sources */,
				6D796ABC251B30BF00CCF94F /* NetWorkService.swift in Sources */,
				6D796ACC251B3FAA00CCF94F /* DateFormatter+extension.swift in Sources */,
				6D796AA1251A9A5000CCF94F /* CategoryViewModel.swift in Sources */,
				6D796AD9251B68E700CCF94F /* Category.swift in Sources */,
				6DE3282C2521D7DD007FFAB5 /* UIConstants.swift in Sources */,
				6D8570432522862A00225DC6 /* TestLeBonCoin.xcdatamodeld in Sources */,
			);
			runOnlyForDeploymentPostprocessing = 0;
		};
		6D796A3A251A3DF000CCF94F /* Sources */ = {
			isa = PBXSourcesBuildPhase;
			buildActionMask = 2147483647;
			files = (
				6DE32775251E0A07007FFAB5 /* Dynamic.swift in Sources */,
				6DE32764251E05A1007FFAB5 /* DaoTests.swift in Sources */,
				6DE327C1251E1EFE007FFAB5 /* ViewModelTests.swift in Sources */,
				6D857028252273E500225DC6 /* StorageConstants.swift in Sources */,
				6DE327B4251E1D2F007FFAB5 /* TestSynchroManager.swift in Sources */,
				6DE327A5251E1952007FFAB5 /* SynchroTest.swift in Sources */,
				6DE327F92520E605007FFAB5 /* CategoryViewModelTests.swift in Sources */,
				6DE3274B251E0529007FFAB5 /* Dao.swift in Sources */,
				6DE3277A251E0A45007FFAB5 /* TestCategory.swift in Sources */,
				6DE327AF251E1B15007FFAB5 /* TestNetWorkManager.swift in Sources */,
				6DE3276A251E06A4007FFAB5 /* TestItem.swift in Sources */,
				6DE32747251E0525007FFAB5 /* NetWorkService.swift in Sources */,
				6DE32743251E0522007FFAB5 /* SynchroManager.swift in Sources */,
				6DE3275B251E0557007FFAB5 /* Item.swift in Sources */,
				6DE3275F251E055A007FFAB5 /* Category.swift in Sources */,
				6DE328B02521F68D007FFAB5 /* CategoryViewModel.swift in Sources */,
				6DE328B72521F6B3007FFAB5 /* Reachability.swift in Sources */,
				6DE328012520E6B1007FFAB5 /* ItemViewModelTests.swift in Sources */,
				6DE3283C2521D8AF007FFAB5 /* ListTableViewViewModel.swift in Sources */,
				6D8570442522862A00225DC6 /* TestLeBonCoin.xcdatamodeld in Sources */,
				6DE327CE2520A480007FFAB5 /* Aliases.swift in Sources */,
				6DE328AC2521F68A007FFAB5 /* ItemViewModel.swift in Sources */,
				6D85701B2522253300225DC6 /* CoreDataManager.swift in Sources */,
				6DE3277F251E1259007FFAB5 /* NetworkTests.swift in Sources */,
				6DE32771251E09F8007FFAB5 /* DateFormatter+extension.swift in Sources */,
				6D8ED9412524905800C0EB46 /* UIView+anchor.swift in Sources */,
				6D8ED93D2524901200C0EB46 /* UIAlertViewController+Helper.swift in Sources */,
				6DE327AA251E1971007FFAB5 /* TestDao.swift in Sources */,
			);
			runOnlyForDeploymentPostprocessing = 0;
		};
		6D796A45251A3DF000CCF94F /* Sources */ = {
			isa = PBXSourcesBuildPhase;
			buildActionMask = 2147483647;
			files = (
				6D857029252273E500225DC6 /* StorageConstants.swift in Sources */,
				6D796A4E251A3DF000CCF94F /* TestLeBonCoinUITests.swift in Sources */,
				6D8570452522862A00225DC6 /* TestLeBonCoin.xcdatamodeld in Sources */,
			);
			runOnlyForDeploymentPostprocessing = 0;
		};
/* End PBXSourcesBuildPhase section */

/* Begin PBXTargetDependency section */
		6D796A40251A3DF000CCF94F /* PBXTargetDependency */ = {
			isa = PBXTargetDependency;
			target = 6D796A2A251A3DED00CCF94F /* TestLeBonCoin */;
			targetProxy = 6D796A3F251A3DF000CCF94F /* PBXContainerItemProxy */;
		};
		6D796A4B251A3DF000CCF94F /* PBXTargetDependency */ = {
			isa = PBXTargetDependency;
			target = 6D796A2A251A3DED00CCF94F /* TestLeBonCoin */;
			targetProxy = 6D796A4A251A3DF000CCF94F /* PBXContainerItemProxy */;
		};
/* End PBXTargetDependency section */

/* Begin PBXVariantGroup section */
		6D796A36251A3DF000CCF94F /* LaunchScreen.storyboard */ = {
			isa = PBXVariantGroup;
			children = (
				6D796A37251A3DF000CCF94F /* Base */,
			);
			name = LaunchScreen.storyboard;
			sourceTree = "<group>";
		};
/* End PBXVariantGroup section */

/* Begin XCBuildConfiguration section */
		6D796A5B251A3DF000CCF94F /* Debug */ = {
			isa = XCBuildConfiguration;
			buildSettings = {
				ALWAYS_SEARCH_USER_PATHS = NO;
				CLANG_ANALYZER_NONNULL = YES;
				CLANG_ANALYZER_NUMBER_OBJECT_CONVERSION = YES_AGGRESSIVE;
				CLANG_CXX_LANGUAGE_STANDARD = "gnu++14";
				CLANG_CXX_LIBRARY = "libc++";
				CLANG_ENABLE_MODULES = YES;
				CLANG_ENABLE_OBJC_ARC = YES;
				CLANG_ENABLE_OBJC_WEAK = YES;
				CLANG_WARN_BLOCK_CAPTURE_AUTORELEASING = YES;
				CLANG_WARN_BOOL_CONVERSION = YES;
				CLANG_WARN_COMMA = YES;
				CLANG_WARN_CONSTANT_CONVERSION = YES;
				CLANG_WARN_DEPRECATED_OBJC_IMPLEMENTATIONS = YES;
				CLANG_WARN_DIRECT_OBJC_ISA_USAGE = YES_ERROR;
				CLANG_WARN_DOCUMENTATION_COMMENTS = YES;
				CLANG_WARN_EMPTY_BODY = YES;
				CLANG_WARN_ENUM_CONVERSION = YES;
				CLANG_WARN_INFINITE_RECURSION = YES;
				CLANG_WARN_INT_CONVERSION = YES;
				CLANG_WARN_NON_LITERAL_NULL_CONVERSION = YES;
				CLANG_WARN_OBJC_IMPLICIT_RETAIN_SELF = YES;
				CLANG_WARN_OBJC_LITERAL_CONVERSION = YES;
				CLANG_WARN_OBJC_ROOT_CLASS = YES_ERROR;
				CLANG_WARN_QUOTED_INCLUDE_IN_FRAMEWORK_HEADER = YES;
				CLANG_WARN_RANGE_LOOP_ANALYSIS = YES;
				CLANG_WARN_STRICT_PROTOTYPES = YES;
				CLANG_WARN_SUSPICIOUS_MOVE = YES;
				CLANG_WARN_UNGUARDED_AVAILABILITY = YES_AGGRESSIVE;
				CLANG_WARN_UNREACHABLE_CODE = YES;
				CLANG_WARN__DUPLICATE_METHOD_MATCH = YES;
				COPY_PHASE_STRIP = NO;
				DEBUG_INFORMATION_FORMAT = dwarf;
				ENABLE_STRICT_OBJC_MSGSEND = YES;
				ENABLE_TESTABILITY = YES;
				GCC_C_LANGUAGE_STANDARD = gnu11;
				GCC_DYNAMIC_NO_PIC = NO;
				GCC_NO_COMMON_BLOCKS = YES;
				GCC_OPTIMIZATION_LEVEL = 0;
				GCC_PREPROCESSOR_DEFINITIONS = (
					"DEBUG=1",
					"$(inherited)",
				);
				GCC_WARN_64_TO_32_BIT_CONVERSION = YES;
				GCC_WARN_ABOUT_RETURN_TYPE = YES_ERROR;
				GCC_WARN_UNDECLARED_SELECTOR = YES;
				GCC_WARN_UNINITIALIZED_AUTOS = YES_AGGRESSIVE;
				GCC_WARN_UNUSED_FUNCTION = YES;
				GCC_WARN_UNUSED_VARIABLE = YES;
				IPHONEOS_DEPLOYMENT_TARGET = 11.0;
				MTL_ENABLE_DEBUG_INFO = INCLUDE_SOURCE;
				MTL_FAST_MATH = YES;
				ONLY_ACTIVE_ARCH = YES;
				SDKROOT = iphoneos;
				SWIFT_ACTIVE_COMPILATION_CONDITIONS = DEBUG;
				SWIFT_OPTIMIZATION_LEVEL = "-Onone";
			};
			name = Debug;
		};
		6D796A5C251A3DF000CCF94F /* Release */ = {
			isa = XCBuildConfiguration;
			buildSettings = {
				ALWAYS_SEARCH_USER_PATHS = NO;
				CLANG_ANALYZER_NONNULL = YES;
				CLANG_ANALYZER_NUMBER_OBJECT_CONVERSION = YES_AGGRESSIVE;
				CLANG_CXX_LANGUAGE_STANDARD = "gnu++14";
				CLANG_CXX_LIBRARY = "libc++";
				CLANG_ENABLE_MODULES = YES;
				CLANG_ENABLE_OBJC_ARC = YES;
				CLANG_ENABLE_OBJC_WEAK = YES;
				CLANG_WARN_BLOCK_CAPTURE_AUTORELEASING = YES;
				CLANG_WARN_BOOL_CONVERSION = YES;
				CLANG_WARN_COMMA = YES;
				CLANG_WARN_CONSTANT_CONVERSION = YES;
				CLANG_WARN_DEPRECATED_OBJC_IMPLEMENTATIONS = YES;
				CLANG_WARN_DIRECT_OBJC_ISA_USAGE = YES_ERROR;
				CLANG_WARN_DOCUMENTATION_COMMENTS = YES;
				CLANG_WARN_EMPTY_BODY = YES;
				CLANG_WARN_ENUM_CONVERSION = YES;
				CLANG_WARN_INFINITE_RECURSION = YES;
				CLANG_WARN_INT_CONVERSION = YES;
				CLANG_WARN_NON_LITERAL_NULL_CONVERSION = YES;
				CLANG_WARN_OBJC_IMPLICIT_RETAIN_SELF = YES;
				CLANG_WARN_OBJC_LITERAL_CONVERSION = YES;
				CLANG_WARN_OBJC_ROOT_CLASS = YES_ERROR;
				CLANG_WARN_QUOTED_INCLUDE_IN_FRAMEWORK_HEADER = YES;
				CLANG_WARN_RANGE_LOOP_ANALYSIS = YES;
				CLANG_WARN_STRICT_PROTOTYPES = YES;
				CLANG_WARN_SUSPICIOUS_MOVE = YES;
				CLANG_WARN_UNGUARDED_AVAILABILITY = YES_AGGRESSIVE;
				CLANG_WARN_UNREACHABLE_CODE = YES;
				CLANG_WARN__DUPLICATE_METHOD_MATCH = YES;
				COPY_PHASE_STRIP = NO;
				DEBUG_INFORMATION_FORMAT = "dwarf-with-dsym";
				ENABLE_NS_ASSERTIONS = NO;
				ENABLE_STRICT_OBJC_MSGSEND = YES;
				GCC_C_LANGUAGE_STANDARD = gnu11;
				GCC_NO_COMMON_BLOCKS = YES;
				GCC_WARN_64_TO_32_BIT_CONVERSION = YES;
				GCC_WARN_ABOUT_RETURN_TYPE = YES_ERROR;
				GCC_WARN_UNDECLARED_SELECTOR = YES;
				GCC_WARN_UNINITIALIZED_AUTOS = YES_AGGRESSIVE;
				GCC_WARN_UNUSED_FUNCTION = YES;
				GCC_WARN_UNUSED_VARIABLE = YES;
				IPHONEOS_DEPLOYMENT_TARGET = 11.0;
				MTL_ENABLE_DEBUG_INFO = NO;
				MTL_FAST_MATH = YES;
				SDKROOT = iphoneos;
				SWIFT_COMPILATION_MODE = wholemodule;
				SWIFT_OPTIMIZATION_LEVEL = "-O";
				VALIDATE_PRODUCT = YES;
			};
			name = Release;
		};
		6D796A5E251A3DF000CCF94F /* Debug */ = {
			isa = XCBuildConfiguration;
			buildSettings = {
				ASSETCATALOG_COMPILER_APPICON_NAME = AppIcon;
				ASSETCATALOG_COMPILER_GLOBAL_ACCENT_COLOR_NAME = AccentColor;
				CODE_SIGN_STYLE = Automatic;
				DEVELOPMENT_TEAM = 4296Y3XN7F;
				INFOPLIST_FILE = TestLeBonCoin/Info.plist;
				LD_RUNPATH_SEARCH_PATHS = (
					"$(inherited)",
					"@executable_path/Frameworks",
				);
				PRODUCT_BUNDLE_IDENTIFIER = com.testLeBonCoin.TestLeBonCoin;
				PRODUCT_NAME = "$(TARGET_NAME)";
				SWIFT_VERSION = 5.0;
				TARGETED_DEVICE_FAMILY = "1,2";
			};
			name = Debug;
		};
		6D796A5F251A3DF000CCF94F /* Release */ = {
			isa = XCBuildConfiguration;
			buildSettings = {
				ASSETCATALOG_COMPILER_APPICON_NAME = AppIcon;
				ASSETCATALOG_COMPILER_GLOBAL_ACCENT_COLOR_NAME = AccentColor;
				CODE_SIGN_STYLE = Automatic;
				DEVELOPMENT_TEAM = 4296Y3XN7F;
				INFOPLIST_FILE = TestLeBonCoin/Info.plist;
				LD_RUNPATH_SEARCH_PATHS = (
					"$(inherited)",
					"@executable_path/Frameworks",
				);
				PRODUCT_BUNDLE_IDENTIFIER = com.testLeBonCoin.TestLeBonCoin;
				PRODUCT_NAME = "$(TARGET_NAME)";
				SWIFT_VERSION = 5.0;
				TARGETED_DEVICE_FAMILY = "1,2";
			};
			name = Release;
		};
		6D796A61251A3DF000CCF94F /* Debug */ = {
			isa = XCBuildConfiguration;
			buildSettings = {
				ALWAYS_EMBED_SWIFT_STANDARD_LIBRARIES = YES;
				CODE_SIGN_STYLE = Automatic;
				DEVELOPMENT_TEAM = 4296Y3XN7F;
				INFOPLIST_FILE = TestLeBonCoinTests/Info.plist;
				IPHONEOS_DEPLOYMENT_TARGET = 11.0;
				LD_RUNPATH_SEARCH_PATHS = (
					"$(inherited)",
					"@executable_path/Frameworks",
					"@loader_path/Frameworks",
				);
				PRODUCT_BUNDLE_IDENTIFIER = com.testLeBonCoin.TestLeBonCoinTests;
				PRODUCT_NAME = "$(TARGET_NAME)";
				SWIFT_VERSION = 5.0;
				TARGETED_DEVICE_FAMILY = "1,2";
			};
			name = Debug;
		};
		6D796A62251A3DF000CCF94F /* Release */ = {
			isa = XCBuildConfiguration;
			buildSettings = {
				ALWAYS_EMBED_SWIFT_STANDARD_LIBRARIES = YES;
				CODE_SIGN_STYLE = Automatic;
				DEVELOPMENT_TEAM = 4296Y3XN7F;
				INFOPLIST_FILE = TestLeBonCoinTests/Info.plist;
				IPHONEOS_DEPLOYMENT_TARGET = 11.0;
				LD_RUNPATH_SEARCH_PATHS = (
					"$(inherited)",
					"@executable_path/Frameworks",
					"@loader_path/Frameworks",
				);
				PRODUCT_BUNDLE_IDENTIFIER = com.testLeBonCoin.TestLeBonCoinTests;
				PRODUCT_NAME = "$(TARGET_NAME)";
				SWIFT_VERSION = 5.0;
				TARGETED_DEVICE_FAMILY = "1,2";
			};
			name = Release;
		};
		6D796A64251A3DF000CCF94F /* Debug */ = {
			isa = XCBuildConfiguration;
			buildSettings = {
				ALWAYS_EMBED_SWIFT_STANDARD_LIBRARIES = YES;
				CODE_SIGN_STYLE = Automatic;
				DEVELOPMENT_TEAM = 4296Y3XN7F;
				INFOPLIST_FILE = TestLeBonCoinUITests/Info.plist;
				IPHONEOS_DEPLOYMENT_TARGET = 11.0;
				LD_RUNPATH_SEARCH_PATHS = (
					"$(inherited)",
					"@executable_path/Frameworks",
					"@loader_path/Frameworks",
				);
				PRODUCT_BUNDLE_IDENTIFIER = com.testLeBonCoin.TestLeBonCoinUITests;
				PRODUCT_NAME = "$(TARGET_NAME)";
				SWIFT_VERSION = 5.0;
				TARGETED_DEVICE_FAMILY = "1,2";
				TEST_TARGET_NAME = TestLeBonCoin;
			};
			name = Debug;
		};
		6D796A65251A3DF000CCF94F /* Release */ = {
			isa = XCBuildConfiguration;
			buildSettings = {
				ALWAYS_EMBED_SWIFT_STANDARD_LIBRARIES = YES;
				CODE_SIGN_STYLE = Automatic;
				DEVELOPMENT_TEAM = 4296Y3XN7F;
				INFOPLIST_FILE = TestLeBonCoinUITests/Info.plist;
				IPHONEOS_DEPLOYMENT_TARGET = 11.0;
				LD_RUNPATH_SEARCH_PATHS = (
					"$(inherited)",
					"@executable_path/Frameworks",
					"@loader_path/Frameworks",
				);
				PRODUCT_BUNDLE_IDENTIFIER = com.testLeBonCoin.TestLeBonCoinUITests;
				PRODUCT_NAME = "$(TARGET_NAME)";
				SWIFT_VERSION = 5.0;
				TARGETED_DEVICE_FAMILY = "1,2";
				TEST_TARGET_NAME = TestLeBonCoin;
			};
			name = Release;
		};
/* End XCBuildConfiguration section */

/* Begin XCConfigurationList section */
		6D796A26251A3DED00CCF94F /* Build configuration list for PBXProject "TestLeBonCoin" */ = {
			isa = XCConfigurationList;
			buildConfigurations = (
				6D796A5B251A3DF000CCF94F /* Debug */,
				6D796A5C251A3DF000CCF94F /* Release */,
			);
			defaultConfigurationIsVisible = 0;
			defaultConfigurationName = Release;
		};
		6D796A5D251A3DF000CCF94F /* Build configuration list for PBXNativeTarget "TestLeBonCoin" */ = {
			isa = XCConfigurationList;
			buildConfigurations = (
				6D796A5E251A3DF000CCF94F /* Debug */,
				6D796A5F251A3DF000CCF94F /* Release */,
			);
			defaultConfigurationIsVisible = 0;
			defaultConfigurationName = Release;
		};
		6D796A60251A3DF000CCF94F /* Build configuration list for PBXNativeTarget "TestLeBonCoinTests" */ = {
			isa = XCConfigurationList;
			buildConfigurations = (
				6D796A61251A3DF000CCF94F /* Debug */,
				6D796A62251A3DF000CCF94F /* Release */,
			);
			defaultConfigurationIsVisible = 0;
			defaultConfigurationName = Release;
		};
		6D796A63251A3DF000CCF94F /* Build configuration list for PBXNativeTarget "TestLeBonCoinUITests" */ = {
			isa = XCConfigurationList;
			buildConfigurations = (
				6D796A64251A3DF000CCF94F /* Debug */,
				6D796A65251A3DF000CCF94F /* Release */,
			);
			defaultConfigurationIsVisible = 0;
			defaultConfigurationName = Release;
		};
/* End XCConfigurationList section */

/* Begin XCVersionGroup section */
		6D8570412522862A00225DC6 /* TestLeBonCoin.xcdatamodeld */ = {
			isa = XCVersionGroup;
			children = (
				6D8570422522862A00225DC6 /* testLeBonCoin.xcdatamodel */,
			);
			currentVersion = 6D8570422522862A00225DC6 /* testLeBonCoin.xcdatamodel */;
			path = TestLeBonCoin.xcdatamodeld;
			sourceTree = "<group>";
			versionGroupType = wrapper.xcdatamodel;
		};
/* End XCVersionGroup section */
	};
	rootObject = 6D796A23251A3DED00CCF94F /* Project object */;
}
